
Microsoft Visual Studio Solution File, Format Version 12.00
# Visual Studio 15
VisualStudioVersion = 15.0.27703.2047
MinimumVisualStudioVersion = 10.0.40219.1
Project("{FAE04EC0-301F-11D3-BF4B-00C04F79EFBC}") = "ParsingXML", "ParsingXML\ParsingXML.csproj", "{8BDA15E4-7331-4E47-A23A-3F8F051DB319}"
EndProject
Global
	GlobalSection(SolutionConfigurationPlatforms) = preSolution
		Debug|Any CPU = Debug|Any CPU
		Release|Any CPU = Release|Any CPU
	EndGlobalSection
	GlobalSection(ProjectConfigurationPlatforms) = postSolution
		{8BDA15E4-7331-4E47-A23A-3F8F051DB319}.Debug|Any CPU.ActiveCfg = Debug|Any CPU
		{8BDA15E4-7331-4E47-A23A-3F8F051DB319}.Debug|Any CPU.Build.0 = Debug|Any CPU
		{8BDA15E4-7331-4E47-A23A-3F8F051DB319}.Release|Any CPU.ActiveCfg = Release|Any CPU
		{8BDA15E4-7331-4E47-A23A-3F8F051DB319}.Release|Any CPU.Build.0 = Release|Any CPU
	EndGlobalSection
	GlobalSection(SolutionProperties) = preSolution
		HideSolutionNode = FALSE
	EndGlobalSection
	GlobalSection(ExtensibilityGlobals) = postSolution
		SolutionGuid = {670658A7-CD1E-4888-94C4-AEAA5340C0D8}
	EndGlobalSection
EndGlobal
